Microsoft Visual Studio Solution File, Format Version 12.00
# Visual Studio Version 17
VisualStudioVersion = 17.5.2.0
MinimumVisualStudioVersion = 10.0.40219.1
Project("{FAE04EC0-301F-11D3-BF4B-00C04F79EFBC}") = "hecoto-backend", "hecoto-backend.csproj", "{C0A05D5D-F0B2-5CA6-A7D6-A15AD7DD6D8F}"
EndProject
Global
	GlobalSection(SolutionConfigurationPlatforms) = preSolution
		Debug|Any CPU = Debug|Any CPU
		Release|Any CPU = Release|Any CPU
	EndGlobalSection
	GlobalSection(ProjectConfigurationPlatforms) = postSolution
		{C0A05D5D-F0B2-5CA6-A7D6-A15AD7DD6D8F}.Debug|Any CPU.ActiveCfg = Debug|Any CPU
		{C0A05D5D-F0B2-5CA6-A7D6-A15AD7DD6D8F}.Debug|Any CPU.Build.0 = Debug|Any CPU
		{C0A05D5D-F0B2-5CA6-A7D6-A15AD7DD6D8F}.Release|Any CPU.ActiveCfg = Release|Any CPU
		{C0A05D5D-F0B2-5CA6-A7D6-A15AD7DD6D8F}.Release|Any CPU.Build.0 = Release|Any CPU
	EndGlobalSection
	GlobalSection(SolutionProperties) = preSolution
		HideSolutionNode = FALSE
	EndGlobalSection
	GlobalSection(ExtensibilityGlobals) = postSolution
		SolutionGuid = {55E892E1-5001-4462-B51A-1FEE9D65A214}
	EndGlobalSection
EndGlobal
